{
  "requires": true,
  "lockfileVersion": 1,
  "dependencies": {
    "jscomp": {
      "version": "1.0.1",
      "resolved": "https://registry.npmjs.org/jscomp/-/jscomp-1.0.1.tgz",
      "integrity": "sha512-WPLH5ZF4Agg1PFYbi6kRHAXsxreEuaVL1alCbSeWaaP2PwoHyogJdht76Sq0kwe/Xo/7Jp6BusdSqMTZgln0JQ=="
    }
  }
}
